
Microsoft Visual Studio Solution File, Format Version 12.00
# Visual Studio Version 16
VisualStudioVersion = 16.0.29411.138
MinimumVisualStudioVersion = 10.0.40219.1
Project("{9A19103F-16F7-4668-BE54-9A1E7A4F7556}") = "InfoCountries.Prism", "InfoCountries.Prism\InfoCountries.Prism\InfoCountries.Prism.csproj", "{C4BF7DA5-22D0-42BA-83FE-FE2E2198FF58}"
EndProject
Project("{FAE04EC0-301F-11D3-BF4B-00C04F79EFBC}") = "InfoCountries.Prism.Android", "InfoCountries.Prism\InfoCountries.Prism.Android\InfoCountries.Prism.Android.csproj", "{852DF883-6B1E-4142-89C5-208BEF6B721C}"
EndProject
Project("{FAE04EC0-301F-11D3-BF4B-00C04F79EFBC}") = "InfoCountries.Prism.iOS", "InfoCountries.Prism\InfoCountries.Prism.iOS\InfoCountries.Prism.iOS.csproj", "{91B0CADD-85D1-44F3-9CAD-E7DAE95090F4}"
EndProject
Global
	GlobalSection(SolutionConfigurationPlatforms) = preSolution
		Ad-Hoc|Any CPU = Ad-Hoc|Any CPU
		Ad-Hoc|iPhone = Ad-Hoc|iPhone
		Ad-Hoc|iPhoneSimulator = Ad-Hoc|iPhoneSimulator
		AppStore|Any CPU = AppStore|Any CPU
		AppStore|iPhone = AppStore|iPhone
		AppStore|iPhoneSimulator = AppStore|iPhoneSimulator
		Debug|Any CPU = Debug|Any CPU
		Debug|iPhone = Debug|iPhone
		Debug|iPhoneSimulator = Debug|iPhoneSimulator
		Release|Any CPU = Release|Any CPU
		Release|iPhone = Release|iPhone
		Release|iPhoneSimulator = Release|iPhoneSimulator
	EndGlobalSection
	GlobalSection(ProjectConfigurationPlatforms) = postSolution
		{C4BF7DA5-22D0-42BA-83FE-FE2E2198FF58}.Ad-Hoc|Any CPU.ActiveCfg = Debug|Any CPU
		{C4BF7DA5-22D0-42BA-83FE-FE2E2198FF58}.Ad-Hoc|Any CPU.Build.0 = Debug|Any CPU
		{C4BF7DA5-22D0-42BA-83FE-FE2E2198FF58}.Ad-Hoc|iPhone.ActiveCfg = Debug|Any CPU
		{C4BF7DA5-22D0-42BA-83FE-FE2E2198FF58}.Ad-Hoc|iPhone.Build.0 = Debug|Any CPU
		{C4BF7DA5-22D0-42BA-83FE-FE2E2198FF58}.Ad-Hoc|iPhoneSimulator.ActiveCfg = Debug|Any CPU
		{C4BF7DA5-22D0-42BA-83FE-FE2E2198FF58}.Ad-Hoc|iPhoneSimulator.Build.0 = Debug|Any CPU
		{C4BF7DA5-22D0-42BA-83FE-FE2E2198FF58}.AppStore|Any CPU.ActiveCfg = Debug|Any CPU
		{C4BF7DA5-22D0-42BA-83FE-FE2E2198FF58}.AppStore|Any CPU.Build.0 = Debug|Any CPU
		{C4BF7DA5-22D0-42BA-83FE-FE2E2198FF58}.AppStore|iPhone.ActiveCfg = Debug|Any CPU
		{C4BF7DA5-22D0-42BA-83FE-FE2E2198FF58}.AppStore|iPhone.Build.0 = Debug|Any CPU
		{C4BF7DA5-22D0-42BA-83FE-FE2E2198FF58}.AppStore|iPhoneSimulator.ActiveCfg = Debug|Any CPU
		{C4BF7DA5-22D0-42BA-83FE-FE2E2198FF58}.AppStore|iPhoneSimulator.Build.0 = Debug|Any CPU
		{C4BF7DA5-22D0-42BA-83FE-FE2E2198FF58}.Debug|Any CPU.ActiveCfg = Debug|Any CPU
		{C4BF7DA5-22D0-42BA-83FE-FE2E2198FF58}.Debug|Any CPU.Build.0 = Debug|Any CPU
		{C4BF7DA5-22D0-42BA-83FE-FE2E2198FF58}.Debug|iPhone.ActiveCfg = Debug|Any CPU
		{C4BF7DA5-22D0-42BA-83FE-FE2E2198FF58}.Debug|iPhone.Build.0 = Debug|Any CPU
		{C4BF7DA5-22D0-42BA-83FE-FE2E2198FF58}.Debug|iPhoneSimulator.ActiveCfg = Debug|Any CPU
		{C4BF7DA5-22D0-42BA-83FE-FE2E2198FF58}.Debug|iPhoneSimulator.Build.0 = Debug|Any CPU
		{C4BF7DA5-22D0-42BA-83FE-FE2E2198FF58}.Release|Any CPU.ActiveCfg = Release|Any CPU
		{C4BF7DA5-22D0-42BA-83FE-FE2E2198FF58}.Release|Any CPU.Build.0 = Release|Any CPU
		{C4BF7DA5-22D0-42BA-83FE-FE2E2198FF58}.Release|iPhone.ActiveCfg = Release|Any CPU
		{C4BF7DA5-22D0-42BA-83FE-FE2E2198FF58}.Release|iPhone.Build.0 = Release|Any CPU
		{C4BF7DA5-22D0-42BA-83FE-FE2E2198FF58}.Release|iPhoneSimulator.ActiveCfg = Release|Any CPU
		{C4BF7DA5-22D0-42BA-83FE-FE2E2198FF58}.Release|iPhoneSimulator.Build.0 = Release|Any CPU
		{852DF883-6B1E-4142-89C5-208BEF6B721C}.Ad-Hoc|Any CPU.ActiveCfg = Release|Any CPU
		{852DF883-6B1E-4142-89C5-208BEF6B721C}.Ad-Hoc|Any CPU.Build.0 = Release|Any CPU
		{852DF883-6B1E-4142-89C5-208BEF6B721C}.Ad-Hoc|Any CPU.Deploy.0 = Release|Any CPU
		{852DF883-6B1E-4142-89C5-208BEF6B721C}.Ad-Hoc|iPhone.ActiveCfg = Release|Any CPU
		{852DF883-6B1E-4142-89C5-208BEF6B721C}.Ad-Hoc|iPhone.Build.0 = Release|Any CPU
		{852DF883-6B1E-4142-89C5-208BEF6B721C}.Ad-Hoc|iPhone.Deploy.0 = Release|Any CPU
		{852DF883-6B1E-4142-89C5-208BEF6B721C}.Ad-Hoc|iPhoneSimulator.ActiveCfg = Release|Any CPU
		{852DF883-6B1E-4142-89C5-208BEF6B721C}.Ad-Hoc|iPhoneSimulator.Build.0 = Release|Any CPU
		{852DF883-6B1E-4142-89C5-208BEF6B721C}.Ad-Hoc|iPhoneSimulator.Deploy.0 = Release|Any CPU
		{852DF883-6B1E-4142-89C5-208BEF6B721C}.AppStore|Any CPU.ActiveCfg = Release|Any CPU
		{852DF883-6B1E-4142-89C5-208BEF6B721C}.AppStore|Any CPU.Build.0 = Release|Any CPU
		{852DF883-6B1E-4142-89C5-208BEF6B721C}.AppStore|Any CPU.Deploy.0 = Release|Any CPU
		{852DF883-6B1E-4142-89C5-208BEF6B721C}.AppStore|iPhone.ActiveCfg = Release|Any CPU
		{852DF883-6B1E-4142-89C5-208BEF6B721C}.AppStore|iPhone.Build.0 = Release|Any CPU
		{852DF883-6B1E-4142-89C5-208BEF6B721C}.AppStore|iPhone.Deploy.0 = Release|Any CPU
		{852DF883-6B1E-4142-89C5-208BEF6B721C}.AppStore|iPhoneSimulator.ActiveCfg = Release|Any CPU
		{852DF883-6B1E-4142-89C5-208BEF6B721C}.AppStore|iPhoneSimulator.Build.0 = Release|Any CPU
		{852DF883-6B1E-4142-89C5-208BEF6B721C}.AppStore|iPhoneSimulator.Deploy.0 = Release|Any CPU
		{852DF883-6B1E-4142-89C5-208BEF6B721C}.Debug|Any CPU.ActiveCfg = Debug|Any CPU
		{852DF883-6B1E-4142-89C5-208BEF6B721C}.Debug|Any CPU.Build.0 = Debug|Any CPU
		{852DF883-6B1E-4142-89C5-208BEF6B721C}.Debug|Any CPU.Deploy.0 = Debug|Any CPU
		{852DF883-6B1E-4142-89C5-208BEF6B721C}.Debug|iPhone.ActiveCfg = Debug|Any CPU
		{852DF883-6B1E-4142-89C5-208BEF6B721C}.Debug|iPhone.Build.0 = Debug|Any CPU
		{852DF883-6B1E-4142-89C5-208BEF6B721C}.Debug|iPhone.Deploy.0 = Debug|Any CPU
		{852DF883-6B1E-4142-89C5-208BEF6B721C}.Debug|iPhoneSimulator.ActiveCfg = Debug|Any CPU
		{852DF883-6B1E-4142-89C5-208BEF6B721C}.Debug|iPhoneSimulator.Build.0 = Debug|Any CPU
		{852DF883-6B1E-4142-89C5-208BEF6B721C}.Debug|iPhoneSimulator.Deploy.0 = Debug|Any CPU
		{852DF883-6B1E-4142-89C5-208BEF6B721C}.Release|Any CPU.ActiveCfg = Release|Any CPU
		{852DF883-6B1E-4142-89C5-208BEF6B721C}.Release|Any CPU.Build.0 = Release|Any CPU
		{852DF883-6B1E-4142-89C5-208BEF6B721C}.Release|Any CPU.Deploy.0 = Release|Any CPU
		{852DF883-6B1E-4142-89C5-208BEF6B721C}.Release|iPhone.ActiveCfg = Release|Any CPU
		{852DF883-6B1E-4142-89C5-208BEF6B721C}.Release|iPhone.Build.0 = Release|Any CPU
		{852DF883-6B1E-4142-89C5-208BEF6B721C}.Release|iPhone.Deploy.0 = Release|Any CPU
		{852DF883-6B1E-4142-89C5-208BEF6B721C}.Release|iPhoneSimulator.ActiveCfg = Release|Any CPU
		{852DF883-6B1E-4142-89C5-208BEF6B721C}.Release|iPhoneSimulator.Build.0 = Release|Any CPU
		{852DF883-6B1E-4142-89C5-208BEF6B721C}.Release|iPhoneSimulator.Deploy.0 = Release|Any CPU
		{91B0CADD-85D1-44F3-9CAD-E7DAE95090F4}.Ad-Hoc|Any CPU.ActiveCfg = Ad-Hoc|iPhone
		{91B0CADD-85D1-44F3-9CAD-E7DAE95090F4}.Ad-Hoc|iPhone.ActiveCfg = Ad-Hoc|iPhone
		{91B0CADD-85D1-44F3-9CAD-E7DAE95090F4}.Ad-Hoc|iPhone.Build.0 = Ad-Hoc|iPhone
		{91B0CADD-85D1-44F3-9CAD-E7DAE95090F4}.Ad-Hoc|iPhoneSimulator.ActiveCfg = Ad-Hoc|iPhoneSimulator
		{91B0CADD-85D1-44F3-9CAD-E7DAE95090F4}.Ad-Hoc|iPhoneSimulator.Build.0 = Ad-Hoc|iPhoneSimulator
		{91B0CADD-85D1-44F3-9CAD-E7DAE95090F4}.AppStore|Any CPU.ActiveCfg = AppStore|iPhone
		{91B0CADD-85D1-44F3-9CAD-E7DAE95090F4}.AppStore|iPhone.ActiveCfg = AppStore|iPhone
		{91B0CADD-85D1-44F3-9CAD-E7DAE95090F4}.AppStore|iPhone.Build.0 = AppStore|iPhone
		{91B0CADD-85D1-44F3-9CAD-E7DAE95090F4}.AppStore|iPhoneSimulator.ActiveCfg = AppStore|iPhoneSimulator
		{91B0CADD-85D1-44F3-9CAD-E7DAE95090F4}.AppStore|iPhoneSimulator.Build.0 = AppStore|iPhoneSimulator
		{91B0CADD-85D1-44F3-9CAD-E7DAE95090F4}.Debug|Any CPU.ActiveCfg = Debug|iPhone
		{91B0CADD-85D1-44F3-9CAD-E7DAE95090F4}.Debug|iPhone.ActiveCfg = Debug|iPhone
		{91B0CADD-85D1-44F3-9CAD-E7DAE95090F4}.Debug|iPhone.Build.0 = Debug|iPhone
		{91B0CADD-85D1-44F3-9CAD-E7DAE95090F4}.Debug|iPhoneSimulator.ActiveCfg = Debug|iPhoneSimulator
		{91B0CADD-85D1-44F3-9CAD-E7DAE95090F4}.Debug|iPhoneSimulator.Build.0 = Debug|iPhoneSimulator
		{91B0CADD-85D1-44F3-9CAD-E7DAE95090F4}.Release|Any CPU.ActiveCfg = Release|iPhone
		{91B0CADD-85D1-44F3-9CAD-E7DAE95090F4}.Release|iPhone.ActiveCfg = Release|iPhone
		{91B0CADD-85D1-44F3-9CAD-E7DAE95090F4}.Release|iPhone.Build.0 = Release|iPhone
		{91B0CADD-85D1-44F3-9CAD-E7DAE95090F4}.Release|iPhoneSimulator.ActiveCfg = Release|iPhoneSimulator
		{91B0CADD-85D1-44F3-9CAD-E7DAE95090F4}.Release|iPhoneSimulator.Build.0 = Release|iPhoneSimulator
	EndGlobalSection
	GlobalSection(SolutionProperties) = preSolution
		HideSolutionNode = FALSE
	EndGlobalSection
	GlobalSection(ExtensibilityGlobals) = postSolution
		SolutionGuid = {34CD51B4-5BBC-44DD-952B-49617CCC2C69}
	EndGlobalSection
EndGlobal
